{
    "_readme": [
        "This file locks the dependencies of your project to a known state",
        "Read more about it at https://getcomposer.org/doc/01-basic-usage.md#composer-lock-the-lock-file",
        "This file is @generated automatically"
    ],
    "content-hash": "e717926afa691e8aaf63b0f8ecd593e9",
    "packages": [
        {
            "name": "dropinbase/dropinbase",
            "version": "v2.0.7",
            "source": {
                "type": "git",
                "url": "https://github.com/Dropinbase/framework.git",
                "reference": "15bc11d2652bdc4faa0585b24eb4521c4467856b"
            },
            "dist": {
                "type": "zip",
                "url": "https://api.github.com/repos/Dropinbase/framework/zipball/15bc11d2652bdc4faa0585b24eb4521c4467856b",
                "reference": "15bc11d2652bdc4faa0585b24eb4521c4467856b",
                "shasum": ""
            },
            "type": "library",
            "notification-url": "https://packagist.org/downloads/",
            "time": "2017-08-24T05:44:41+00:00"
        }
    ],
    "packages-dev": [],
    "aliases": [],
    "minimum-stability": "stable",
    "stability-flags": [],
    "prefer-stable": false,
    "prefer-lowest": false,
    "platform": {
        "php": ">=5.3.3"
    },
    "platform-dev": []
}
