{
    "_readme": [
        "This file locks the dependencies of your project to a known state",
        "Read more about it at https://getcomposer.org/doc/01-basic-usage.md#composer-lock-the-lock-file",
        "This file is @generated automatically"
    ],
    "content-hash": "39e4a2ad7485309b4e3f1d461e60252c",
    "packages": [
        {
            "name": "dropinbase/dropinbase",
            "version": "v2.0.1",
            "source": {
                "type": "git",
                "url": "https://github.com/Dropinbase/framework.git",
                "reference": "6df34b105d7ed744ced8331f64e818207c710b59"
            },
            "dist": {
                "type": "zip",
                "url": "https://api.github.com/repos/Dropinbase/framework/zipball/6df34b105d7ed744ced8331f64e818207c710b59",
                "reference": "6df34b105d7ed744ced8331f64e818207c710b59",
                "shasum": ""
            },
            "type": "library",
            "notification-url": "https://packagist.org/downloads/",
            "time": "2017-08-17T14:05:01+00:00"
        }
    ],
    "packages-dev": [],
    "aliases": [],
    "minimum-stability": "stable",
    "stability-flags": [],
    "prefer-stable": false,
    "prefer-lowest": false,
    "platform": {
        "php": ">=5.3.3"
    },
    "platform-dev": []
}
